
Microsoft Visual Studio Solution File, Format Version 12.00
# Visual Studio Version 16
VisualStudioVersion = 16.0.30517.126
MinimumVisualStudioVersion = 10.0.40219.1
Project("{FAE04EC0-301F-11D3-BF4B-00C04F79EFBC}") = "Assignment 1c - David Lawler", "Assignment 1c - David Lawler.csproj", "{D85537BE-8175-476C-BAAE-7BEE7CBEC88C}"
EndProject
Global
	GlobalSection(SolutionConfigurationPlatforms) = preSolution
		Debug|Any CPU = Debug|Any CPU
		Release|Any CPU = Release|Any CPU
	EndGlobalSection
	GlobalSection(ProjectConfigurationPlatforms) = postSolution
		{D85537BE-8175-476C-BAAE-7BEE7CBEC88C}.Debug|Any CPU.ActiveCfg = Debug|Any CPU
		{D85537BE-8175-476C-BAAE-7BEE7CBEC88C}.Debug|Any CPU.Build.0 = Debug|Any CPU
		{D85537BE-8175-476C-BAAE-7BEE7CBEC88C}.Release|Any CPU.ActiveCfg = Release|Any CPU
		{D85537BE-8175-476C-BAAE-7BEE7CBEC88C}.Release|Any CPU.Build.0 = Release|Any CPU
	EndGlobalSection
	GlobalSection(SolutionProperties) = preSolution
		HideSolutionNode = FALSE
	EndGlobalSection
	GlobalSection(ExtensibilityGlobals) = postSolution
		SolutionGuid = {CF0205A5-AC76-4882-B017-AC74F4B5B481}
	EndGlobalSection
EndGlobal
